<?xml version="1.0" encoding="UTF-8"?>
<!DOCTYPE plist PUBLIC "-//Apple//DTD PLIST 1.0//EN" "http://www.apple.com/DTDs/PropertyList-1.0.dtd">
<plist version="1.0">
<dict>
	<key>archiveVersion</key>
	<string>1</string>
	<key>classes</key>
	<dict/>
	<key>objectVersion</key>
	<string>46</string>
	<key>objects</key>
	<dict>
		<key>1F5BCAE20C844A9995D97E58</key>
		<dict>
			<key>includeInIndex</key>
			<string>1</string>
			<key>isa</key>
			<string>PBXFileReference</string>
			<key>lastKnownFileType</key>
			<string>text.xcconfig</string>
			<key>name</key>
			<string>Pods.xcconfig</string>
			<key>path</key>
			<string>Pods/Pods.xcconfig</string>
			<key>sourceTree</key>
			<string>SOURCE_ROOT</string>
		</dict>
		<key>4B211A0AA1504312BDF6A92F</key>
		<dict>
			<key>fileRef</key>
			<string>54D674350D744F419269310E</string>
			<key>isa</key>
			<string>PBXBuildFile</string>
		</dict>
		<key>4F4EA8960DAC4A1695A52CBC</key>
		<dict>
			<key>buildActionMask</key>
			<string>2147483647</string>
			<key>files</key>
			<array/>
			<key>inputPaths</key>
			<array/>
			<key>isa</key>
			<string>PBXShellScriptBuildPhase</string>
			<key>name</key>
			<string>Copy Pods Resources</string>
			<key>outputPaths</key>
			<array/>
			<key>runOnlyForDeploymentPostprocessing</key>
			<string>0</string>
			<key>shellPath</key>
			<string>/bin/sh</string>
			<key>shellScript</key>
			<string>"${SRCROOT}/Pods/Pods-resources.sh"
</string>
		</dict>
		<key>54D674350D744F419269310E</key>
		<dict>
			<key>explicitFileType</key>
			<string>archive.ar</string>
			<key>includeInIndex</key>
			<string>0</string>
			<key>isa</key>
			<string>PBXFileReference</string>
			<key>path</key>
			<string>libPods.a</string>
			<key>sourceTree</key>
			<string>BUILT_PRODUCTS_DIR</string>
		</dict>
		<key>57FADD98C0954534B5E40D51</key>
		<dict>
			<key>includeInIndex</key>
			<string>1</string>
			<key>isa</key>
			<string>PBXFileReference</string>
			<key>lastKnownFileType</key>
			<string>text.xcconfig</string>
			<key>name</key>
			<string>Pods.xcconfig</string>
			<key>path</key>
			<string>Pods/Pods.xcconfig</string>
			<key>sourceTree</key>
			<string>SOURCE_ROOT</string>
		</dict>
		<key>7900877716198169000F24E1</key>
		<dict>
			<key>fileEncoding</key>
			<string>4</string>
			<key>isa</key>
			<string>PBXFileReference</string>
			<key>lastKnownFileType</key>
			<string>file.xib</string>
			<key>path</key>
			<string>GHVenue.xib</string>
			<key>sourceTree</key>
			<string>&lt;group&gt;</string>
		</dict>
		<key>7900877816198169000F24E1</key>
		<dict>
			<key>fileRef</key>
			<string>7900877716198169000F24E1</string>
			<key>isa</key>
			<string>PBXBuildFile</string>
		</dict>
		<key>7900877A16198224000F24E1</key>
		<dict>
			<key>isa</key>
			<string>PBXFileReference</string>
			<key>lastKnownFileType</key>
			<string>image.png</string>
			<key>path</key>
			<string>toolbar_button.png</string>
			<key>sourceTree</key>
			<string>&lt;group&gt;</string>
		</dict>
		<key>7900877B16198224000F24E1</key>
		<dict>
			<key>isa</key>
			<string>PBXFileReference</string>
			<key>lastKnownFileType</key>
			<string>image.png</string>
			<key>path</key>
			<string>toolbar_button@2x.png</string>
			<key>sourceTree</key>
			<string>&lt;group&gt;</string>
		</dict>
		<key>7900877C16198224000F24E1</key>
		<dict>
			<key>isa</key>
			<string>PBXFileReference</string>
			<key>lastKnownFileType</key>
			<string>image.png</string>
			<key>path</key>
			<string>toolbar_shadow.png</string>
			<key>sourceTree</key>
			<string>&lt;group&gt;</string>
		</dict>
		<key>7900877D16198224000F24E1</key>
		<dict>
			<key>isa</key>
			<string>PBXFileReference</string>
			<key>lastKnownFileType</key>
			<string>image.png</string>
			<key>path</key>
			<string>toolbar_shadow@2x.png</string>
			<key>sourceTree</key>
			<string>&lt;group&gt;</string>
		</dict>
		<key>7900877E16198224000F24E1</key>
		<dict>
			<key>isa</key>
			<string>PBXFileReference</string>
			<key>lastKnownFileType</key>
			<string>image.png</string>
			<key>path</key>
			<string>toolbar.png</string>
			<key>sourceTree</key>
			<string>&lt;group&gt;</string>
		</dict>
		<key>7900877F16198224000F24E1</key>
		<dict>
			<key>isa</key>
			<string>PBXFileReference</string>
			<key>lastKnownFileType</key>
			<string>image.png</string>
			<key>path</key>
			<string>toolbar@2x.png</string>
			<key>sourceTree</key>
			<string>&lt;group&gt;</string>
		</dict>
		<key>7900878016198224000F24E1</key>
		<dict>
			<key>fileRef</key>
			<string>7900877A16198224000F24E1</string>
			<key>isa</key>
			<string>PBXBuildFile</string>
		</dict>
		<key>7900878116198224000F24E1</key>
		<dict>
			<key>fileRef</key>
			<string>7900877B16198224000F24E1</string>
			<key>isa</key>
			<string>PBXBuildFile</string>
		</dict>
		<key>7900878216198224000F24E1</key>
		<dict>
			<key>fileRef</key>
			<string>7900877C16198224000F24E1</string>
			<key>isa</key>
			<string>PBXBuildFile</string>
		</dict>
		<key>7900878316198224000F24E1</key>
		<dict>
			<key>fileRef</key>
			<string>7900877D16198224000F24E1</string>
			<key>isa</key>
			<string>PBXBuildFile</string>
		</dict>
		<key>7900878416198224000F24E1</key>
		<dict>
			<key>fileRef</key>
			<string>7900877E16198224000F24E1</string>
			<key>isa</key>
			<string>PBXBuildFile</string>
		</dict>
		<key>7900878516198224000F24E1</key>
		<dict>
			<key>fileRef</key>
			<string>7900877F16198224000F24E1</string>
			<key>isa</key>
			<string>PBXBuildFile</string>
		</dict>
		<key>79090AB5162378D800B78F76</key>
		<dict>
			<key>isa</key>
			<string>PBXFileReference</string>
			<key>lastKnownFileType</key>
			<string>image.png</string>
			<key>path</key>
			<string>hiddencat.png</string>
			<key>sourceTree</key>
			<string>&lt;group&gt;</string>
		</dict>
		<key>79090AB6162378D800B78F76</key>
		<dict>
			<key>isa</key>
			<string>PBXFileReference</string>
			<key>lastKnownFileType</key>
			<string>image.png</string>
			<key>path</key>
			<string>hiddencat@2x.png</string>
			<key>sourceTree</key>
			<string>&lt;group&gt;</string>
		</dict>
		<key>79090AB7162378D800B78F76</key>
		<dict>
			<key>fileRef</key>
			<string>79090AB5162378D800B78F76</string>
			<key>isa</key>
			<string>PBXBuildFile</string>
		</dict>
		<key>79090AB8162378D800B78F76</key>
		<dict>
			<key>fileRef</key>
			<string>79090AB6162378D800B78F76</string>
			<key>isa</key>
			<string>PBXBuildFile</string>
		</dict>
		<key>79090ABA1623830800B78F76</key>
		<dict>
			<key>isa</key>
			<string>PBXFileReference</string>
			<key>lastKnownFileType</key>
			<string>image.png</string>
			<key>path</key>
			<string>placeholdercat.png</string>
			<key>sourceTree</key>
			<string>&lt;group&gt;</string>
		</dict>
		<key>79090ABB1623830800B78F76</key>
		<dict>
			<key>isa</key>
			<string>PBXFileReference</string>
			<key>lastKnownFileType</key>
			<string>image.png</string>
			<key>path</key>
			<string>placeholdercat@2x.png</string>
			<key>sourceTree</key>
			<string>&lt;group&gt;</string>
		</dict>
		<key>79090ABC1623830800B78F76</key>
		<dict>
			<key>fileRef</key>
			<string>79090ABA1623830800B78F76</string>
			<key>isa</key>
			<string>PBXBuildFile</string>
		</dict>
		<key>79090ABD1623830800B78F76</key>
		<dict>
			<key>fileRef</key>
			<string>79090ABB1623830800B78F76</string>
			<key>isa</key>
			<string>PBXBuildFile</string>
		</dict>
		<key>7923362B1625118700319107</key>
		<dict>
			<key>isa</key>
			<string>PBXFileReference</string>
			<key>lastKnownFileType</key>
			<string>image.png</string>
			<key>path</key>
			<string>menu.png</string>
			<key>sourceTree</key>
			<string>&lt;group&gt;</string>
		</dict>
		<key>7923362C1625118700319107</key>
		<dict>
			<key>isa</key>
			<string>PBXFileReference</string>
			<key>lastKnownFileType</key>
			<string>image.png</string>
			<key>path</key>
			<string>menu@2x.png</string>
			<key>sourceTree</key>
			<string>&lt;group&gt;</string>
		</dict>
		<key>7923362D1625118700319107</key>
		<dict>
			<key>fileRef</key>
			<string>7923362B1625118700319107</string>
			<key>isa</key>
			<string>PBXBuildFile</string>
		</dict>
		<key>7923362E1625118700319107</key>
		<dict>
			<key>fileRef</key>
			<string>7923362C1625118700319107</string>
			<key>isa</key>
			<string>PBXBuildFile</string>
		</dict>
		<key>792A028D1607A90C00129016</key>
		<dict>
			<key>children</key>
			<array>
				<string>792A02AB1607A90C00129016</string>
				<string>792A02AC1607A90C00129016</string>
				<string>7980C979160ED5B4006BCB34</string>
				<string>792A02CC1607AA3300129016</string>
				<string>792A02CF1607AA3300129016</string>
				<string>792A02D01607AA3300129016</string>
				<string>792A02A31607A90C00129016</string>
				<string>792A029B1607A90C00129016</string>
				<string>792A02991607A90C00129016</string>
				<string>57FADD98C0954534B5E40D51</string>
				<string>1F5BCAE20C844A9995D97E58</string>
			</array>
			<key>isa</key>
			<string>PBXGroup</string>
			<key>sourceTree</key>
			<string>&lt;group&gt;</string>
		</dict>
		<key>792A028F1607A90C00129016</key>
		<dict>
			<key>attributes</key>
			<dict>
				<key>CLASSPREFIX</key>
				<string>GH</string>
				<key>LastUpgradeCheck</key>
				<string>0450</string>
				<key>ORGANIZATIONNAME</key>
				<string>Zach Williams</string>
			</dict>
			<key>buildConfigurationList</key>
			<string>792A02921607A90C00129016</string>
			<key>compatibilityVersion</key>
			<string>Xcode 3.2</string>
			<key>developmentRegion</key>
			<string>English</string>
			<key>hasScannedForEncodings</key>
			<string>0</string>
			<key>isa</key>
			<string>PBXProject</string>
			<key>knownRegions</key>
			<array>
				<string>en</string>
			</array>
			<key>mainGroup</key>
			<string>792A028D1607A90C00129016</string>
			<key>productRefGroup</key>
			<string>792A02991607A90C00129016</string>
			<key>projectDirPath</key>
			<string></string>
			<key>projectRoot</key>
			<string></string>
			<key>targets</key>
			<array>
				<string>792A02971607A90C00129016</string>
			</array>
		</dict>
		<key>792A02921607A90C00129016</key>
		<dict>
			<key>buildConfigurations</key>
			<array>
				<string>792A02BA1607A90D00129016</string>
				<string>792A02BB1607A90D00129016</string>
			</array>
			<key>defaultConfigurationIsVisible</key>
			<string>0</string>
			<key>defaultConfigurationName</key>
			<string>Release</string>
			<key>isa</key>
			<string>XCConfigurationList</string>
		</dict>
		<key>792A02941607A90C00129016</key>
		<dict>
			<key>buildActionMask</key>
			<string>2147483647</string>
			<key>files</key>
			<array>
				<string>792A02A91607A90C00129016</string>
				<string>792A02AD1607A90C00129016</string>
				<string>796C2CC31607D0EA00F238F2</string>
				<string>796C2CD71607D68100F238F2</string>
				<string>79422DE9160E814100BA702F</string>
				<string>7980C97C160ED5B4006BCB34</string>
				<string>7980C97F160ED5E4006BCB34</string>
				<string>7980C9AF160F04B6006BCB34</string>
				<string>7980C9B2160F04B6006BCB34</string>
				<string>7996E34D16189EEE00701DCE</string>
				<string>7996E3511618AA5F00701DCE</string>
				<string>7996E3541618AB1400701DCE</string>
				<string>79D0648E1618FF8D00C1AC97</string>
				<string>7997E6F6161D40BC00A332BD</string>
				<string>7997E6FD161D494900A332BD</string>
				<string>79616842162A594A00A25EDB</string>
				<string>79520806163DDC6C00A97E1F</string>
			</array>
			<key>isa</key>
			<string>PBXSourcesBuildPhase</string>
			<key>runOnlyForDeploymentPostprocessing</key>
			<string>0</string>
		</dict>
		<key>792A02951607A90C00129016</key>
		<dict>
			<key>buildActionMask</key>
			<string>2147483647</string>
			<key>files</key>
			<array>
				<string>7997E6E9161D032600A332BD</string>
				<string>7997E6E6161CC8CF00A332BD</string>
				<string>7996E3561618B97400701DCE</string>
				<string>796C2CD01607D39800F238F2</string>
				<string>796C2CD41607D3B200F238F2</string>
				<string>796C2CD21607D3A700F238F2</string>
				<string>792A02A11607A90C00129016</string>
				<string>792A029D1607A90C00129016</string>
				<string>792A029F1607A90C00129016</string>
				<string>4B211A0AA1504312BDF6A92F</string>
				<string>831778D2173440CB95094B14</string>
			</array>
			<key>isa</key>
			<string>PBXFrameworksBuildPhase</string>
			<key>runOnlyForDeploymentPostprocessing</key>
			<string>0</string>
		</dict>
		<key>792A02961607A90C00129016</key>
		<dict>
			<key>buildActionMask</key>
			<string>2147483647</string>
			<key>files</key>
			<array>
				<string>792A02A71607A90C00129016</string>
				<string>792A02D61607AA7100129016</string>
				<string>792A02D71607AA7100129016</string>
				<string>792A02D81607AA7100129016</string>
				<string>79A50A411618D1530083641D</string>
				<string>79D064791618E51700C1AC97</string>
				<string>79D0647A1618E51700C1AC97</string>
				<string>79D064801618E6EB00C1AC97</string>
				<string>79D064811618E6EB00C1AC97</string>
				<string>79D064821618E6EB00C1AC97</string>
				<string>79D064831618E6EB00C1AC97</string>
				<string>79D064861618F01500C1AC97</string>
				<string>79D064871618F01500C1AC97</string>
				<string>79D0648B1618F2BD00C1AC97</string>
				<string>797B1708161954DB00C69C4E</string>
				<string>797B1709161954DB00C69C4E</string>
				<string>797B170C161966D800C69C4E</string>
				<string>797B170F16197A7800C69C4E</string>
				<string>797B171016197A7800C69C4E</string>
				<string>7900877816198169000F24E1</string>
				<string>7900878016198224000F24E1</string>
				<string>7900878116198224000F24E1</string>
				<string>7900878216198224000F24E1</string>
				<string>7900878316198224000F24E1</string>
				<string>7900878416198224000F24E1</string>
				<string>7900878516198224000F24E1</string>
				<string>7997E6F2161D3D4B00A332BD</string>
				<string>7997E6F3161D3D4B00A332BD</string>
				<string>7997E6F8161D40DE00A332BD</string>
				<string>798C70E91621435000F446FF</string>
				<string>798C70EA1621435000F446FF</string>
				<string>79090AB7162378D800B78F76</string>
				<string>79090AB8162378D800B78F76</string>
				<string>79090ABC1623830800B78F76</string>
				<string>79090ABD1623830800B78F76</string>
				<string>7923362D1625118700319107</string>
				<string>7923362E1625118700319107</string>
			</array>
			<key>isa</key>
			<string>PBXResourcesBuildPhase</string>
			<key>runOnlyForDeploymentPostprocessing</key>
			<string>0</string>
		</dict>
		<key>792A02971607A90C00129016</key>
		<dict>
			<key>buildConfigurationList</key>
			<string>792A02BC1607A90D00129016</string>
			<key>buildPhases</key>
			<array>
				<string>792A02941607A90C00129016</string>
				<string>792A02951607A90C00129016</string>
				<string>792A02961607A90C00129016</string>
				<string>C56E0518B87948EBBF2207D7</string>
				<string>4F4EA8960DAC4A1695A52CBC</string>
			</array>
			<key>buildRules</key>
			<array/>
			<key>dependencies</key>
			<array/>
			<key>isa</key>
			<string>PBXNativeTarget</string>
			<key>name</key>
			<string>Github</string>
			<key>productName</key>
			<string>Github</string>
			<key>productReference</key>
			<string>792A02981607A90C00129016</string>
			<key>productType</key>
			<string>com.apple.product-type.application</string>
		</dict>
		<key>792A02981607A90C00129016</key>
		<dict>
			<key>explicitFileType</key>
			<string>wrapper.application</string>
			<key>includeInIndex</key>
			<string>0</string>
			<key>isa</key>
			<string>PBXFileReference</string>
			<key>path</key>
			<string>Github.app</string>
			<key>sourceTree</key>
			<string>BUILT_PRODUCTS_DIR</string>
		</dict>
		<key>792A02991607A90C00129016</key>
		<dict>
			<key>children</key>
			<array>
				<string>792A02981607A90C00129016</string>
			</array>
			<key>isa</key>
			<string>PBXGroup</string>
			<key>name</key>
			<string>Products</string>
			<key>sourceTree</key>
			<string>&lt;group&gt;</string>
		</dict>
		<key>792A029B1607A90C00129016</key>
		<dict>
			<key>children</key>
			<array>
				<string>7997E6E8161D032600A332BD</string>
				<string>7997E6E5161CC8CF00A332BD</string>
				<string>7996E3551618B97400701DCE</string>
				<string>796C2CD31607D3B200F238F2</string>
				<string>796C2CD11607D3A700F238F2</string>
				<string>796C2CCF1607D39800F238F2</string>
				<string>792A029C1607A90C00129016</string>
				<string>792A029E1607A90C00129016</string>
				<string>792A02A01607A90C00129016</string>
				<string>54D674350D744F419269310E</string>
				<string>B5E701F0F209469F9307CA99</string>
			</array>
			<key>isa</key>
			<string>PBXGroup</string>
			<key>name</key>
			<string>Frameworks</string>
			<key>sourceTree</key>
			<string>&lt;group&gt;</string>
		</dict>
		<key>792A029C1607A90C00129016</key>
		<dict>
			<key>includeInIndex</key>
			<string>1</string>
			<key>isa</key>
			<string>PBXFileReference</string>
			<key>lastKnownFileType</key>
			<string>wrapper.framework</string>
			<key>name</key>
			<string>UIKit.framework</string>
			<key>path</key>
			<string>System/Library/Frameworks/UIKit.framework</string>
			<key>sourceTree</key>
			<string>SDKROOT</string>
		</dict>
		<key>792A029D1607A90C00129016</key>
		<dict>
			<key>fileRef</key>
			<string>792A029C1607A90C00129016</string>
			<key>isa</key>
			<string>PBXBuildFile</string>
		</dict>
		<key>792A029E1607A90C00129016</key>
		<dict>
			<key>includeInIndex</key>
			<string>1</string>
			<key>isa</key>
			<string>PBXFileReference</string>
			<key>lastKnownFileType</key>
			<string>wrapper.framework</string>
			<key>name</key>
			<string>Foundation.framework</string>
			<key>path</key>
			<string>System/Library/Frameworks/Foundation.framework</string>
			<key>sourceTree</key>
			<string>SDKROOT</string>
		</dict>
		<key>792A029F1607A90C00129016</key>
		<dict>
			<key>fileRef</key>
			<string>792A029E1607A90C00129016</string>
			<key>isa</key>
			<string>PBXBuildFile</string>
		</dict>
		<key>792A02A01607A90C00129016</key>
		<dict>
			<key>includeInIndex</key>
			<string>1</string>
			<key>isa</key>
			<string>PBXFileReference</string>
			<key>lastKnownFileType</key>
			<string>wrapper.framework</string>
			<key>name</key>
			<string>CoreGraphics.framework</string>
			<key>path</key>
			<string>System/Library/Frameworks/CoreGraphics.framework</string>
			<key>sourceTree</key>
			<string>SDKROOT</string>
		</dict>
		<key>792A02A11607A90C00129016</key>
		<dict>
			<key>fileRef</key>
			<string>792A02A01607A90C00129016</string>
			<key>isa</key>
			<string>PBXBuildFile</string>
		</dict>
		<key>792A02A31607A90C00129016</key>
		<dict>
			<key>children</key>
			<array>
				<string>792A02A41607A90C00129016</string>
				<string>792A02A51607A90C00129016</string>
				<string>792A02A81607A90C00129016</string>
				<string>792A02AA1607A90C00129016</string>
			</array>
			<key>isa</key>
			<string>PBXGroup</string>
			<key>name</key>
			<string>Supporting Files</string>
			<key>path</key>
			<string>Github</string>
			<key>sourceTree</key>
			<string>&lt;group&gt;</string>
		</dict>
		<key>792A02A41607A90C00129016</key>
		<dict>
			<key>isa</key>
			<string>PBXFileReference</string>
			<key>lastKnownFileType</key>
			<string>text.plist.xml</string>
			<key>path</key>
			<string>Github-Info.plist</string>
			<key>sourceTree</key>
			<string>&lt;group&gt;</string>
		</dict>
		<key>792A02A51607A90C00129016</key>
		<dict>
			<key>children</key>
			<array>
				<string>792A02A61607A90C00129016</string>
			</array>
			<key>isa</key>
			<string>PBXVariantGroup</string>
			<key>name</key>
			<string>InfoPlist.strings</string>
			<key>sourceTree</key>
			<string>&lt;group&gt;</string>
		</dict>
		<key>792A02A61607A90C00129016</key>
		<dict>
			<key>isa</key>
			<string>PBXFileReference</string>
			<key>lastKnownFileType</key>
			<string>text.plist.strings</string>
			<key>name</key>
			<string>en</string>
			<key>path</key>
			<string>en.lproj/InfoPlist.strings</string>
			<key>sourceTree</key>
			<string>&lt;group&gt;</string>
		</dict>
		<key>792A02A71607A90C00129016</key>
		<dict>
			<key>fileRef</key>
			<string>792A02A51607A90C00129016</string>
			<key>isa</key>
			<string>PBXBuildFile</string>
		</dict>
		<key>792A02A81607A90C00129016</key>
		<dict>
			<key>isa</key>
			<string>PBXFileReference</string>
			<key>lastKnownFileType</key>
			<string>sourcecode.c.objc</string>
			<key>path</key>
			<string>main.m</string>
			<key>sourceTree</key>
			<string>&lt;group&gt;</string>
		</dict>
		<key>792A02A91607A90C00129016</key>
		<dict>
			<key>fileRef</key>
			<string>792A02A81607A90C00129016</string>
			<key>isa</key>
			<string>PBXBuildFile</string>
		</dict>
		<key>792A02AA1607A90C00129016</key>
		<dict>
			<key>isa</key>
			<string>PBXFileReference</string>
			<key>lastKnownFileType</key>
			<string>sourcecode.c.h</string>
			<key>path</key>
			<string>Github-Prefix.pch</string>
			<key>sourceTree</key>
			<string>&lt;group&gt;</string>
		</dict>
		<key>792A02AB1607A90C00129016</key>
		<dict>
			<key>isa</key>
			<string>PBXFileReference</string>
			<key>lastKnownFileType</key>
			<string>sourcecode.c.h</string>
			<key>name</key>
			<string>AppDelegate.h</string>
			<key>path</key>
			<string>Github/AppDelegate.h</string>
			<key>sourceTree</key>
			<string>&lt;group&gt;</string>
		</dict>
		<key>792A02AC1607A90C00129016</key>
		<dict>
			<key>isa</key>
			<string>PBXFileReference</string>
			<key>lastKnownFileType</key>
			<string>sourcecode.c.objc</string>
			<key>name</key>
			<string>AppDelegate.m</string>
			<key>path</key>
			<string>Github/AppDelegate.m</string>
			<key>sourceTree</key>
			<string>&lt;group&gt;</string>
		</dict>
		<key>792A02AD1607A90C00129016</key>
		<dict>
			<key>fileRef</key>
			<string>792A02AC1607A90C00129016</string>
			<key>isa</key>
			<string>PBXBuildFile</string>
		</dict>
		<key>792A02BA1607A90D00129016</key>
		<dict>
			<key>buildSettings</key>
			<dict>
				<key>ALWAYS_SEARCH_USER_PATHS</key>
				<string>NO</string>
				<key>CLANG_CXX_LANGUAGE_STANDARD</key>
				<string>gnu++0x</string>
				<key>CLANG_CXX_LIBRARY</key>
				<string>libc++</string>
				<key>CLANG_ENABLE_OBJC_ARC</key>
				<string>YES</string>
				<key>CLANG_WARN_EMPTY_BODY</key>
				<string>YES</string>
				<key>CLANG_WARN__DUPLICATE_METHOD_MATCH</key>
				<string>YES</string>
				<key>CODE_SIGN_IDENTITY[sdk=iphoneos*]</key>
				<string>iPhone Developer</string>
				<key>COPY_PHASE_STRIP</key>
				<string>NO</string>
				<key>GCC_C_LANGUAGE_STANDARD</key>
				<string>gnu99</string>
				<key>GCC_DYNAMIC_NO_PIC</key>
				<string>NO</string>
				<key>GCC_OPTIMIZATION_LEVEL</key>
				<string>0</string>
				<key>GCC_PREPROCESSOR_DEFINITIONS</key>
				<array>
					<string>DEBUG=1</string>
					<string>$(inherited)</string>
				</array>
				<key>GCC_SYMBOLS_PRIVATE_EXTERN</key>
				<string>NO</string>
				<key>GCC_WARN_ABOUT_RETURN_TYPE</key>
				<string>YES</string>
				<key>GCC_WARN_UNINITIALIZED_AUTOS</key>
				<string>YES</string>
				<key>GCC_WARN_UNUSED_VARIABLE</key>
				<string>YES</string>
				<key>IPHONEOS_DEPLOYMENT_TARGET</key>
				<string>6.0</string>
				<key>SDKROOT</key>
				<string>iphoneos</string>
			</dict>
			<key>isa</key>
			<string>XCBuildConfiguration</string>
			<key>name</key>
			<string>Debug</string>
		</dict>
		<key>792A02BB1607A90D00129016</key>
		<dict>
			<key>buildSettings</key>
			<dict>
				<key>ALWAYS_SEARCH_USER_PATHS</key>
				<string>NO</string>
				<key>CLANG_CXX_LANGUAGE_STANDARD</key>
				<string>gnu++0x</string>
				<key>CLANG_CXX_LIBRARY</key>
				<string>libc++</string>
				<key>CLANG_ENABLE_OBJC_ARC</key>
				<string>YES</string>
				<key>CLANG_WARN_EMPTY_BODY</key>
				<string>YES</string>
				<key>CLANG_WARN__DUPLICATE_METHOD_MATCH</key>
				<string>YES</string>
				<key>CODE_SIGN_IDENTITY[sdk=iphoneos*]</key>
				<string>iPhone Developer</string>
				<key>COPY_PHASE_STRIP</key>
				<string>YES</string>
				<key>GCC_C_LANGUAGE_STANDARD</key>
				<string>gnu99</string>
				<key>GCC_WARN_ABOUT_RETURN_TYPE</key>
				<string>YES</string>
				<key>GCC_WARN_UNINITIALIZED_AUTOS</key>
				<string>YES</string>
				<key>GCC_WARN_UNUSED_VARIABLE</key>
				<string>YES</string>
				<key>IPHONEOS_DEPLOYMENT_TARGET</key>
				<string>6.0</string>
				<key>OTHER_CFLAGS</key>
				<string>-DNS_BLOCK_ASSERTIONS=1</string>
				<key>SDKROOT</key>
				<string>iphoneos</string>
				<key>VALIDATE_PRODUCT</key>
				<string>YES</string>
			</dict>
			<key>isa</key>
			<string>XCBuildConfiguration</string>
			<key>name</key>
			<string>Release</string>
		</dict>
		<key>792A02BC1607A90D00129016</key>
		<dict>
			<key>buildConfigurations</key>
			<array>
				<string>792A02BD1607A90D00129016</string>
				<string>792A02BE1607A90D00129016</string>
			</array>
			<key>defaultConfigurationIsVisible</key>
			<string>0</string>
			<key>defaultConfigurationName</key>
			<string>Release</string>
			<key>isa</key>
			<string>XCConfigurationList</string>
		</dict>
		<key>792A02BD1607A90D00129016</key>
		<dict>
			<key>baseConfigurationReference</key>
			<string>1F5BCAE20C844A9995D97E58</string>
			<key>buildSettings</key>
			<dict>
				<key>GCC_PRECOMPILE_PREFIX_HEADER</key>
				<string>YES</string>
				<key>GCC_PREFIX_HEADER</key>
				<string>Github/Github-Prefix.pch</string>
				<key>INFOPLIST_FILE</key>
				<string>Github/Github-Info.plist</string>
				<key>IPHONEOS_DEPLOYMENT_TARGET</key>
				<string>6.0</string>
				<key>PRODUCT_NAME</key>
				<string>$(TARGET_NAME)</string>
				<key>TARGETED_DEVICE_FAMILY</key>
				<string>1</string>
				<key>WRAPPER_EXTENSION</key>
				<string>app</string>
			</dict>
			<key>isa</key>
			<string>XCBuildConfiguration</string>
			<key>name</key>
			<string>Debug</string>
		</dict>
		<key>792A02BE1607A90D00129016</key>
		<dict>
			<key>baseConfigurationReference</key>
			<string>1F5BCAE20C844A9995D97E58</string>
			<key>buildSettings</key>
			<dict>
				<key>GCC_PRECOMPILE_PREFIX_HEADER</key>
				<string>YES</string>
				<key>GCC_PREFIX_HEADER</key>
				<string>Github/Github-Prefix.pch</string>
				<key>INFOPLIST_FILE</key>
				<string>Github/Github-Info.plist</string>
				<key>IPHONEOS_DEPLOYMENT_TARGET</key>
				<string>6.0</string>
				<key>PRODUCT_NAME</key>
				<string>$(TARGET_NAME)</string>
				<key>TARGETED_DEVICE_FAMILY</key>
				<string>1</string>
				<key>WRAPPER_EXTENSION</key>
				<string>app</string>
			</dict>
			<key>isa</key>
			<string>XCBuildConfiguration</string>
			<key>name</key>
			<string>Release</string>
		</dict>
		<key>792A02CB1607AA3300129016</key>
		<dict>
			<key>children</key>
			<array>
				<string>79616840162A594A00A25EDB</string>
				<string>79616841162A594A00A25EDB</string>
			</array>
			<key>isa</key>
			<string>PBXGroup</string>
			<key>name</key>
			<string>Categories</string>
			<key>path</key>
			<string>../Categories</string>
			<key>sourceTree</key>
			<string>&lt;group&gt;</string>
		</dict>
		<key>792A02CC1607AA3300129016</key>
		<dict>
			<key>children</key>
			<array>
				<string>7996E34F1618AA5F00701DCE</string>
				<string>7996E3501618AA5F00701DCE</string>
				<string>79D0648C1618FF8D00C1AC97</string>
				<string>79D0648D1618FF8D00C1AC97</string>
			</array>
			<key>isa</key>
			<string>PBXGroup</string>
			<key>name</key>
			<string>Controllers</string>
			<key>path</key>
			<string>Github/Controllers</string>
			<key>sourceTree</key>
			<string>&lt;group&gt;</string>
		</dict>
		<key>792A02CF1607AA3300129016</key>
		<dict>
			<key>children</key>
			<array>
				<string>7980C9BA160F818D006BCB34</string>
				<string>79422DE7160E814100BA702F</string>
				<string>796C2CC11607D0EA00F238F2</string>
				<string>796C2CC21607D0EA00F238F2</string>
				<string>796C2CD51607D68100F238F2</string>
				<string>796C2CD61607D68100F238F2</string>
			</array>
			<key>isa</key>
			<string>PBXGroup</string>
			<key>name</key>
			<string>Models</string>
			<key>path</key>
			<string>Github/Models</string>
			<key>sourceTree</key>
			<string>&lt;group&gt;</string>
		</dict>
		<key>792A02D01607AA3300129016</key>
		<dict>
			<key>children</key>
			<array>
				<string>792A02D21607AA7100129016</string>
				<string>7996E34B16189EEE00701DCE</string>
				<string>7996E34C16189EEE00701DCE</string>
				<string>79A50A401618D1530083641D</string>
				<string>7996E3521618AB1400701DCE</string>
				<string>7996E3531618AB1400701DCE</string>
				<string>7900877716198169000F24E1</string>
				<string>7997E6F4161D40BC00A332BD</string>
				<string>7997E6F5161D40BC00A332BD</string>
				<string>7997E6F7161D40DE00A332BD</string>
			</array>
			<key>isa</key>
			<string>PBXGroup</string>
			<key>name</key>
			<string>Views</string>
			<key>path</key>
			<string>Github/Views</string>
			<key>sourceTree</key>
			<string>&lt;group&gt;</string>
		</dict>
		<key>792A02D21607AA7100129016</key>
		<dict>
			<key>children</key>
			<array>
				<string>792A02D31607AA7100129016</string>
				<string>792A02D41607AA7100129016</string>
				<string>792A02D51607AA7100129016</string>
				<string>79D064771618E51700C1AC97</string>
				<string>79D064781618E51700C1AC97</string>
				<string>7997E6F0161D3D4B00A332BD</string>
				<string>7997E6F1161D3D4B00A332BD</string>
				<string>797B170D16197A7800C69C4E</string>
				<string>797B170E16197A7800C69C4E</string>
				<string>79D0648A1618F2BD00C1AC97</string>
				<string>797B170B161966D800C69C4E</string>
				<string>797B1706161954DB00C69C4E</string>
				<string>797B1707161954DB00C69C4E</string>
				<string>79D064841618F01500C1AC97</string>
				<string>79D064851618F01500C1AC97</string>
				<string>79090AB5162378D800B78F76</string>
				<string>79090AB6162378D800B78F76</string>
				<string>7923362B1625118700319107</string>
				<string>7923362C1625118700319107</string>
				<string>79D0647C1618E6EB00C1AC97</string>
				<string>79D0647D1618E6EB00C1AC97</string>
				<string>79D0647E1618E6EB00C1AC97</string>
				<string>79D0647F1618E6EB00C1AC97</string>
				<string>798C70E71621435000F446FF</string>
				<string>798C70E81621435000F446FF</string>
				<string>79090ABA1623830800B78F76</string>
				<string>79090ABB1623830800B78F76</string>
				<string>7900877A16198224000F24E1</string>
				<string>7900877B16198224000F24E1</string>
				<string>7900877C16198224000F24E1</string>
				<string>7900877D16198224000F24E1</string>
				<string>7900877E16198224000F24E1</string>
				<string>7900877F16198224000F24E1</string>
			</array>
			<key>isa</key>
			<string>PBXGroup</string>
			<key>name</key>
			<string>Images</string>
			<key>path</key>
			<string>Github/Images</string>
			<key>sourceTree</key>
			<string>SOURCE_ROOT</string>
		</dict>
		<key>792A02D31607AA7100129016</key>
		<dict>
			<key>isa</key>
			<string>PBXFileReference</string>
			<key>lastKnownFileType</key>
			<string>image.png</string>
			<key>path</key>
			<string>Default-568h@2x.png</string>
			<key>sourceTree</key>
			<string>&lt;group&gt;</string>
		</dict>
		<key>792A02D41607AA7100129016</key>
		<dict>
			<key>isa</key>
			<string>PBXFileReference</string>
			<key>lastKnownFileType</key>
			<string>image.png</string>
			<key>path</key>
			<string>Default.png</string>
			<key>sourceTree</key>
			<string>&lt;group&gt;</string>
		</dict>
		<key>792A02D51607AA7100129016</key>
		<dict>
			<key>isa</key>
			<string>PBXFileReference</string>
			<key>lastKnownFileType</key>
			<string>image.png</string>
			<key>path</key>
			<string>Default@2x.png</string>
			<key>sourceTree</key>
			<string>&lt;group&gt;</string>
		</dict>
		<key>792A02D61607AA7100129016</key>
		<dict>
			<key>fileRef</key>
			<string>792A02D31607AA7100129016</string>
			<key>isa</key>
			<string>PBXBuildFile</string>
		</dict>
		<key>792A02D71607AA7100129016</key>
		<dict>
			<key>fileRef</key>
			<string>792A02D41607AA7100129016</string>
			<key>isa</key>
			<string>PBXBuildFile</string>
		</dict>
		<key>792A02D81607AA7100129016</key>
		<dict>
			<key>fileRef</key>
			<string>792A02D51607AA7100129016</string>
			<key>isa</key>
			<string>PBXBuildFile</string>
		</dict>
		<key>79422DE7160E814100BA702F</key>
		<dict>
			<key>children</key>
			<array>
				<string>798C70E31621294A00F446FF</string>
				<string>798C70D716210A7500F446FF</string>
				<string>7980C9AB160F049A006BCB34</string>
				<string>7980C980160EDAF6006BCB34</string>
				<string>79422DE8160E814100BA702F</string>
			</array>
			<key>currentVersion</key>
			<string>79422DE8160E814100BA702F</string>
			<key>isa</key>
			<string>XCVersionGroup</string>
			<key>path</key>
			<string>Drinkups.xcdatamodeld</string>
			<key>sourceTree</key>
			<string>&lt;group&gt;</string>
			<key>versionGroupType</key>
			<string>wrapper.xcdatamodel</string>
		</dict>
		<key>79422DE8160E814100BA702F</key>
		<dict>
			<key>isa</key>
			<string>PBXFileReference</string>
			<key>lastKnownFileType</key>
			<string>wrapper.xcdatamodel</string>
			<key>path</key>
			<string>Drinkups.xcdatamodel</string>
			<key>sourceTree</key>
			<string>&lt;group&gt;</string>
		</dict>
		<key>79422DE9160E814100BA702F</key>
		<dict>
			<key>fileRef</key>
			<string>79422DE7160E814100BA702F</string>
			<key>isa</key>
			<string>PBXBuildFile</string>
		</dict>
		<key>79520804163DDC6C00A97E1F</key>
		<dict>
			<key>fileEncoding</key>
			<string>4</string>
			<key>isa</key>
			<string>PBXFileReference</string>
			<key>lastKnownFileType</key>
			<string>sourcecode.c.h</string>
			<key>path</key>
			<string>Bar+Annotation.h</string>
			<key>sourceTree</key>
			<string>&lt;group&gt;</string>
		</dict>
		<key>79520805163DDC6C00A97E1F</key>
		<dict>
			<key>fileEncoding</key>
			<string>4</string>
			<key>isa</key>
			<string>PBXFileReference</string>
			<key>lastKnownFileType</key>
			<string>sourcecode.c.objc</string>
			<key>path</key>
			<string>Bar+Annotation.m</string>
			<key>sourceTree</key>
			<string>&lt;group&gt;</string>
		</dict>
		<key>79520806163DDC6C00A97E1F</key>
		<dict>
			<key>fileRef</key>
			<string>79520805163DDC6C00A97E1F</string>
			<key>isa</key>
			<string>PBXBuildFile</string>
		</dict>
		<key>79616840162A594A00A25EDB</key>
		<dict>
			<key>fileEncoding</key>
			<string>4</string>
			<key>isa</key>
			<string>PBXFileReference</string>
			<key>lastKnownFileType</key>
			<string>sourcecode.c.h</string>
			<key>path</key>
			<string>UIColor+Drinkups.h</string>
			<key>sourceTree</key>
			<string>&lt;group&gt;</string>
		</dict>
		<key>79616841162A594A00A25EDB</key>
		<dict>
			<key>fileEncoding</key>
			<string>4</string>
			<key>isa</key>
			<string>PBXFileReference</string>
			<key>lastKnownFileType</key>
			<string>sourcecode.c.objc</string>
			<key>path</key>
			<string>UIColor+Drinkups.m</string>
			<key>sourceTree</key>
			<string>&lt;group&gt;</string>
		</dict>
		<key>79616842162A594A00A25EDB</key>
		<dict>
			<key>fileRef</key>
			<string>79616841162A594A00A25EDB</string>
			<key>isa</key>
			<string>PBXBuildFile</string>
		</dict>
		<key>796C2CC11607D0EA00F238F2</key>
		<dict>
			<key>fileEncoding</key>
			<string>4</string>
			<key>isa</key>
			<string>PBXFileReference</string>
			<key>lastKnownFileType</key>
			<string>sourcecode.c.h</string>
			<key>path</key>
			<string>GHDataModel.h</string>
			<key>sourceTree</key>
			<string>&lt;group&gt;</string>
		</dict>
		<key>796C2CC21607D0EA00F238F2</key>
		<dict>
			<key>fileEncoding</key>
			<string>4</string>
			<key>isa</key>
			<string>PBXFileReference</string>
			<key>lastKnownFileType</key>
			<string>sourcecode.c.objc</string>
			<key>path</key>
			<string>GHDataModel.m</string>
			<key>sourceTree</key>
			<string>&lt;group&gt;</string>
		</dict>
		<key>796C2CC31607D0EA00F238F2</key>
		<dict>
			<key>fileRef</key>
			<string>796C2CC21607D0EA00F238F2</string>
			<key>isa</key>
			<string>PBXBuildFile</string>
		</dict>
		<key>796C2CCF1607D39800F238F2</key>
		<dict>
			<key>isa</key>
			<string>PBXFileReference</string>
			<key>lastKnownFileType</key>
			<string>wrapper.framework</string>
			<key>name</key>
			<string>CoreData.framework</string>
			<key>path</key>
			<string>System/Library/Frameworks/CoreData.framework</string>
			<key>sourceTree</key>
			<string>SDKROOT</string>
		</dict>
		<key>796C2CD01607D39800F238F2</key>
		<dict>
			<key>fileRef</key>
			<string>796C2CCF1607D39800F238F2</string>
			<key>isa</key>
			<string>PBXBuildFile</string>
		</dict>
		<key>796C2CD11607D3A700F238F2</key>
		<dict>
			<key>isa</key>
			<string>PBXFileReference</string>
			<key>lastKnownFileType</key>
			<string>wrapper.framework</string>
			<key>name</key>
			<string>MapKit.framework</string>
			<key>path</key>
			<string>System/Library/Frameworks/MapKit.framework</string>
			<key>sourceTree</key>
			<string>SDKROOT</string>
		</dict>
		<key>796C2CD21607D3A700F238F2</key>
		<dict>
			<key>fileRef</key>
			<string>796C2CD11607D3A700F238F2</string>
			<key>isa</key>
			<string>PBXBuildFile</string>
		</dict>
		<key>796C2CD31607D3B200F238F2</key>
		<dict>
			<key>isa</key>
			<string>PBXFileReference</string>
			<key>lastKnownFileType</key>
			<string>wrapper.framework</string>
			<key>name</key>
			<string>CoreLocation.framework</string>
			<key>path</key>
			<string>System/Library/Frameworks/CoreLocation.framework</string>
			<key>sourceTree</key>
			<string>SDKROOT</string>
		</dict>
		<key>796C2CD41607D3B200F238F2</key>
		<dict>
			<key>fileRef</key>
			<string>796C2CD31607D3B200F238F2</string>
			<key>isa</key>
			<string>PBXBuildFile</string>
		</dict>
		<key>796C2CD51607D68100F238F2</key>
		<dict>
			<key>fileEncoding</key>
			<string>4</string>
			<key>isa</key>
			<string>PBXFileReference</string>
			<key>lastKnownFileType</key>
			<string>sourcecode.c.h</string>
			<key>path</key>
			<string>GHIncrementalStore.h</string>
			<key>sourceTree</key>
			<string>&lt;group&gt;</string>
		</dict>
		<key>796C2CD61607D68100F238F2</key>
		<dict>
			<key>fileEncoding</key>
			<string>4</string>
			<key>isa</key>
			<string>PBXFileReference</string>
			<key>lastKnownFileType</key>
			<string>sourcecode.c.objc</string>
			<key>path</key>
			<string>GHIncrementalStore.m</string>
			<key>sourceTree</key>
			<string>&lt;group&gt;</string>
		</dict>
		<key>796C2CD71607D68100F238F2</key>
		<dict>
			<key>fileRef</key>
			<string>796C2CD61607D68100F238F2</string>
			<key>isa</key>
			<string>PBXBuildFile</string>
		</dict>
		<key>797B1706161954DB00C69C4E</key>
		<dict>
			<key>isa</key>
			<string>PBXFileReference</string>
			<key>lastKnownFileType</key>
			<string>image.png</string>
			<key>path</key>
			<string>backbutton.png</string>
			<key>sourceTree</key>
			<string>&lt;group&gt;</string>
		</dict>
		<key>797B1707161954DB00C69C4E</key>
		<dict>
			<key>isa</key>
			<string>PBXFileReference</string>
			<key>lastKnownFileType</key>
			<string>image.png</string>
			<key>path</key>
			<string>backbutton@2x.png</string>
			<key>sourceTree</key>
			<string>&lt;group&gt;</string>
		</dict>
		<key>797B1708161954DB00C69C4E</key>
		<dict>
			<key>fileRef</key>
			<string>797B1706161954DB00C69C4E</string>
			<key>isa</key>
			<string>PBXBuildFile</string>
		</dict>
		<key>797B1709161954DB00C69C4E</key>
		<dict>
			<key>fileRef</key>
			<string>797B1707161954DB00C69C4E</string>
			<key>isa</key>
			<string>PBXBuildFile</string>
		</dict>
		<key>797B170B161966D800C69C4E</key>
		<dict>
			<key>isa</key>
			<string>PBXFileReference</string>
			<key>lastKnownFileType</key>
			<string>image.png</string>
			<key>path</key>
			<string>beertocat.png</string>
			<key>sourceTree</key>
			<string>&lt;group&gt;</string>
		</dict>
		<key>797B170C161966D800C69C4E</key>
		<dict>
			<key>fileRef</key>
			<string>797B170B161966D800C69C4E</string>
			<key>isa</key>
			<string>PBXBuildFile</string>
		</dict>
		<key>797B170D16197A7800C69C4E</key>
		<dict>
			<key>isa</key>
			<string>PBXFileReference</string>
			<key>lastKnownFileType</key>
			<string>image.png</string>
			<key>path</key>
			<string>arrow.png</string>
			<key>sourceTree</key>
			<string>&lt;group&gt;</string>
		</dict>
		<key>797B170E16197A7800C69C4E</key>
		<dict>
			<key>isa</key>
			<string>PBXFileReference</string>
			<key>lastKnownFileType</key>
			<string>image.png</string>
			<key>path</key>
			<string>arrow@2x.png</string>
			<key>sourceTree</key>
			<string>&lt;group&gt;</string>
		</dict>
		<key>797B170F16197A7800C69C4E</key>
		<dict>
			<key>fileRef</key>
			<string>797B170D16197A7800C69C4E</string>
			<key>isa</key>
			<string>PBXBuildFile</string>
		</dict>
		<key>797B171016197A7800C69C4E</key>
		<dict>
			<key>fileRef</key>
			<string>797B170E16197A7800C69C4E</string>
			<key>isa</key>
			<string>PBXBuildFile</string>
		</dict>
		<key>7980C979160ED5B4006BCB34</key>
		<dict>
			<key>children</key>
			<array>
				<string>792A02CB1607AA3300129016</string>
				<string>7980C97A160ED5B4006BCB34</string>
				<string>7980C97B160ED5B4006BCB34</string>
				<string>7980C97D160ED5E4006BCB34</string>
				<string>7980C97E160ED5E4006BCB34</string>
				<string>7997E6F9161D465C00A332BD</string>
				<string>7997E6FC161D494900A332BD</string>
			</array>
			<key>isa</key>
			<string>PBXGroup</string>
			<key>name</key>
			<string>Classes</string>
			<key>path</key>
			<string>Github/Classes</string>
			<key>sourceTree</key>
			<string>&lt;group&gt;</string>
		</dict>
		<key>7980C97A160ED5B4006BCB34</key>
		<dict>
			<key>fileEncoding</key>
			<string>4</string>
			<key>isa</key>
			<string>PBXFileReference</string>
			<key>lastKnownFileType</key>
			<string>sourcecode.c.h</string>
			<key>path</key>
			<string>GHAPIClient.h</string>
			<key>sourceTree</key>
			<string>&lt;group&gt;</string>
		</dict>
		<key>7980C97B160ED5B4006BCB34</key>
		<dict>
			<key>fileEncoding</key>
			<string>4</string>
			<key>isa</key>
			<string>PBXFileReference</string>
			<key>lastKnownFileType</key>
			<string>sourcecode.c.objc</string>
			<key>path</key>
			<string>GHAPIClient.m</string>
			<key>sourceTree</key>
			<string>&lt;group&gt;</string>
		</dict>
		<key>7980C97C160ED5B4006BCB34</key>
		<dict>
			<key>fileRef</key>
			<string>7980C97B160ED5B4006BCB34</string>
			<key>isa</key>
			<string>PBXBuildFile</string>
		</dict>
		<key>7980C97D160ED5E4006BCB34</key>
		<dict>
			<key>fileEncoding</key>
			<string>4</string>
			<key>isa</key>
			<string>PBXFileReference</string>
			<key>lastKnownFileType</key>
			<string>sourcecode.c.h</string>
			<key>path</key>
			<string>GHJSONFormatter.h</string>
			<key>sourceTree</key>
			<string>&lt;group&gt;</string>
		</dict>
		<key>7980C97E160ED5E4006BCB34</key>
		<dict>
			<key>fileEncoding</key>
			<string>4</string>
			<key>isa</key>
			<string>PBXFileReference</string>
			<key>lastKnownFileType</key>
			<string>sourcecode.c.objc</string>
			<key>path</key>
			<string>GHJSONFormatter.m</string>
			<key>sourceTree</key>
			<string>&lt;group&gt;</string>
		</dict>
		<key>7980C97F160ED5E4006BCB34</key>
		<dict>
			<key>fileRef</key>
			<string>7980C97E160ED5E4006BCB34</string>
			<key>isa</key>
			<string>PBXBuildFile</string>
		</dict>
		<key>7980C980160EDAF6006BCB34</key>
		<dict>
			<key>isa</key>
			<string>PBXFileReference</string>
			<key>lastKnownFileType</key>
			<string>wrapper.xcdatamodel</string>
			<key>path</key>
			<string>Drinkups 1.xcdatamodel</string>
			<key>sourceTree</key>
			<string>&lt;group&gt;</string>
		</dict>
		<key>7980C9AB160F049A006BCB34</key>
		<dict>
			<key>isa</key>
			<string>PBXFileReference</string>
			<key>lastKnownFileType</key>
			<string>wrapper.xcdatamodel</string>
			<key>path</key>
			<string>Drinkups 1a.xcdatamodel</string>
			<key>sourceTree</key>
			<string>&lt;group&gt;</string>
		</dict>
		<key>7980C9AD160F04B6006BCB34</key>
		<dict>
			<key>fileEncoding</key>
			<string>4</string>
			<key>isa</key>
			<string>PBXFileReference</string>
			<key>lastKnownFileType</key>
			<string>sourcecode.c.h</string>
			<key>path</key>
			<string>Bar.h</string>
			<key>sourceTree</key>
			<string>&lt;group&gt;</string>
		</dict>
		<key>7980C9AE160F04B6006BCB34</key>
		<dict>
			<key>fileEncoding</key>
			<string>4</string>
			<key>isa</key>
			<string>PBXFileReference</string>
			<key>lastKnownFileType</key>
			<string>sourcecode.c.objc</string>
			<key>path</key>
			<string>Bar.m</string>
			<key>sourceTree</key>
			<string>&lt;group&gt;</string>
		</dict>
		<key>7980C9AF160F04B6006BCB34</key>
		<dict>
			<key>fileRef</key>
			<string>7980C9AE160F04B6006BCB34</string>
			<key>isa</key>
			<string>PBXBuildFile</string>
		</dict>
		<key>7980C9B0160F04B6006BCB34</key>
		<dict>
			<key>fileEncoding</key>
			<string>4</string>
			<key>isa</key>
			<string>PBXFileReference</string>
			<key>lastKnownFileType</key>
			<string>sourcecode.c.h</string>
			<key>path</key>
			<string>Drinkup.h</string>
			<key>sourceTree</key>
			<string>&lt;group&gt;</string>
		</dict>
		<key>7980C9B1160F04B6006BCB34</key>
		<dict>
			<key>fileEncoding</key>
			<string>4</string>
			<key>isa</key>
			<string>PBXFileReference</string>
			<key>lastKnownFileType</key>
			<string>sourcecode.c.objc</string>
			<key>path</key>
			<string>Drinkup.m</string>
			<key>sourceTree</key>
			<string>&lt;group&gt;</string>
		</dict>
		<key>7980C9B2160F04B6006BCB34</key>
		<dict>
			<key>fileRef</key>
			<string>7980C9B1160F04B6006BCB34</string>
			<key>isa</key>
			<string>PBXBuildFile</string>
		</dict>
		<key>7980C9BA160F818D006BCB34</key>
		<dict>
			<key>children</key>
			<array>
				<string>7980C9AD160F04B6006BCB34</string>
				<string>7980C9AE160F04B6006BCB34</string>
				<string>79520804163DDC6C00A97E1F</string>
				<string>79520805163DDC6C00A97E1F</string>
				<string>7980C9B0160F04B6006BCB34</string>
				<string>7980C9B1160F04B6006BCB34</string>
			</array>
			<key>isa</key>
			<string>PBXGroup</string>
			<key>name</key>
			<string>Entities</string>
			<key>sourceTree</key>
			<string>&lt;group&gt;</string>
		</dict>
		<key>798C70D716210A7500F446FF</key>
		<dict>
			<key>isa</key>
			<string>PBXFileReference</string>
			<key>lastKnownFileType</key>
			<string>wrapper.xcdatamodel</string>
			<key>path</key>
			<string>Drinkups 1b.xcdatamodel</string>
			<key>sourceTree</key>
			<string>&lt;group&gt;</string>
		</dict>
		<key>798C70E31621294A00F446FF</key>
		<dict>
			<key>isa</key>
			<string>PBXFileReference</string>
			<key>lastKnownFileType</key>
			<string>wrapper.xcdatamodel</string>
			<key>path</key>
			<string>Drinkups 1c.xcdatamodel</string>
			<key>sourceTree</key>
			<string>&lt;group&gt;</string>
		</dict>
		<key>798C70E71621435000F446FF</key>
		<dict>
			<key>isa</key>
			<string>PBXFileReference</string>
			<key>lastKnownFileType</key>
			<string>image.png</string>
			<key>path</key>
			<string>parallax_bg.png</string>
			<key>sourceTree</key>
			<string>&lt;group&gt;</string>
		</dict>
		<key>798C70E81621435000F446FF</key>
		<dict>
			<key>isa</key>
			<string>PBXFileReference</string>
			<key>lastKnownFileType</key>
			<string>image.png</string>
			<key>path</key>
			<string>parallax_bg@2x.png</string>
			<key>sourceTree</key>
			<string>&lt;group&gt;</string>
		</dict>
		<key>798C70E91621435000F446FF</key>
		<dict>
			<key>fileRef</key>
			<string>798C70E71621435000F446FF</string>
			<key>isa</key>
			<string>PBXBuildFile</string>
		</dict>
		<key>798C70EA1621435000F446FF</key>
		<dict>
			<key>fileRef</key>
			<string>798C70E81621435000F446FF</string>
			<key>isa</key>
			<string>PBXBuildFile</string>
		</dict>
		<key>7996E34B16189EEE00701DCE</key>
		<dict>
			<key>fileEncoding</key>
			<string>4</string>
			<key>isa</key>
			<string>PBXFileReference</string>
			<key>lastKnownFileType</key>
			<string>sourcecode.c.h</string>
			<key>path</key>
			<string>GHDrinkupCell.h</string>
			<key>sourceTree</key>
			<string>&lt;group&gt;</string>
		</dict>
		<key>7996E34C16189EEE00701DCE</key>
		<dict>
			<key>fileEncoding</key>
			<string>4</string>
			<key>isa</key>
			<string>PBXFileReference</string>
			<key>lastKnownFileType</key>
			<string>sourcecode.c.objc</string>
			<key>path</key>
			<string>GHDrinkupCell.m</string>
			<key>sourceTree</key>
			<string>&lt;group&gt;</string>
		</dict>
		<key>7996E34D16189EEE00701DCE</key>
		<dict>
			<key>fileRef</key>
			<string>7996E34C16189EEE00701DCE</string>
			<key>isa</key>
			<string>PBXBuildFile</string>
		</dict>
		<key>7996E34F1618AA5F00701DCE</key>
		<dict>
			<key>fileEncoding</key>
			<string>4</string>
			<key>isa</key>
			<string>PBXFileReference</string>
			<key>lastKnownFileType</key>
			<string>sourcecode.c.h</string>
			<key>path</key>
			<string>GHDrinkupsViewController.h</string>
			<key>sourceTree</key>
			<string>&lt;group&gt;</string>
		</dict>
		<key>7996E3501618AA5F00701DCE</key>
		<dict>
			<key>fileEncoding</key>
			<string>4</string>
			<key>isa</key>
			<string>PBXFileReference</string>
			<key>lastKnownFileType</key>
			<string>sourcecode.c.objc</string>
			<key>path</key>
			<string>GHDrinkupsViewController.m</string>
			<key>sourceTree</key>
			<string>&lt;group&gt;</string>
		</dict>
		<key>7996E3511618AA5F00701DCE</key>
		<dict>
			<key>fileRef</key>
			<string>7996E3501618AA5F00701DCE</string>
			<key>isa</key>
			<string>PBXBuildFile</string>
		</dict>
		<key>7996E3521618AB1400701DCE</key>
		<dict>
			<key>fileEncoding</key>
			<string>4</string>
			<key>isa</key>
			<string>PBXFileReference</string>
			<key>lastKnownFileType</key>
			<string>sourcecode.c.h</string>
			<key>path</key>
			<string>GHLayout.h</string>
			<key>sourceTree</key>
			<string>&lt;group&gt;</string>
		</dict>
		<key>7996E3531618AB1400701DCE</key>
		<dict>
			<key>fileEncoding</key>
			<string>4</string>
			<key>isa</key>
			<string>PBXFileReference</string>
			<key>lastKnownFileType</key>
			<string>sourcecode.c.objc</string>
			<key>path</key>
			<string>GHLayout.m</string>
			<key>sourceTree</key>
			<string>&lt;group&gt;</string>
		</dict>
		<key>7996E3541618AB1400701DCE</key>
		<dict>
			<key>fileRef</key>
			<string>7996E3531618AB1400701DCE</string>
			<key>isa</key>
			<string>PBXBuildFile</string>
		</dict>
		<key>7996E3551618B97400701DCE</key>
		<dict>
			<key>isa</key>
			<string>PBXFileReference</string>
			<key>lastKnownFileType</key>
			<string>wrapper.framework</string>
			<key>name</key>
			<string>QuartzCore.framework</string>
			<key>path</key>
			<string>System/Library/Frameworks/QuartzCore.framework</string>
			<key>sourceTree</key>
			<string>SDKROOT</string>
		</dict>
		<key>7996E3561618B97400701DCE</key>
		<dict>
			<key>fileRef</key>
			<string>7996E3551618B97400701DCE</string>
			<key>isa</key>
			<string>PBXBuildFile</string>
		</dict>
		<key>7997E6E5161CC8CF00A332BD</key>
		<dict>
			<key>isa</key>
			<string>PBXFileReference</string>
			<key>lastKnownFileType</key>
			<string>wrapper.framework</string>
			<key>name</key>
			<string>Social.framework</string>
			<key>path</key>
			<string>System/Library/Frameworks/Social.framework</string>
			<key>sourceTree</key>
			<string>SDKROOT</string>
		</dict>
		<key>7997E6E6161CC8CF00A332BD</key>
		<dict>
			<key>fileRef</key>
			<string>7997E6E5161CC8CF00A332BD</string>
			<key>isa</key>
			<string>PBXBuildFile</string>
		</dict>
		<key>7997E6E8161D032600A332BD</key>
		<dict>
			<key>isa</key>
			<string>PBXFileReference</string>
			<key>lastKnownFileType</key>
			<string>wrapper.framework</string>
			<key>name</key>
			<string>EventKit.framework</string>
			<key>path</key>
			<string>System/Library/Frameworks/EventKit.framework</string>
			<key>sourceTree</key>
			<string>SDKROOT</string>
		</dict>
		<key>7997E6E9161D032600A332BD</key>
		<dict>
			<key>fileRef</key>
			<string>7997E6E8161D032600A332BD</string>
			<key>isa</key>
			<string>PBXBuildFile</string>
		</dict>
		<key>7997E6F0161D3D4B00A332BD</key>
		<dict>
			<key>isa</key>
			<string>PBXFileReference</string>
			<key>lastKnownFileType</key>
			<string>image.png</string>
			<key>path</key>
			<string>address_bar.png</string>
			<key>sourceTree</key>
			<string>&lt;group&gt;</string>
		</dict>
		<key>7997E6F1161D3D4B00A332BD</key>
		<dict>
			<key>isa</key>
			<string>PBXFileReference</string>
			<key>lastKnownFileType</key>
			<string>image.png</string>
			<key>path</key>
			<string>address_bar@2x.png</string>
			<key>sourceTree</key>
			<string>&lt;group&gt;</string>
		</dict>
		<key>7997E6F2161D3D4B00A332BD</key>
		<dict>
			<key>fileRef</key>
			<string>7997E6F0161D3D4B00A332BD</string>
			<key>isa</key>
			<string>PBXBuildFile</string>
		</dict>
		<key>7997E6F3161D3D4B00A332BD</key>
		<dict>
			<key>fileRef</key>
			<string>7997E6F1161D3D4B00A332BD</string>
			<key>isa</key>
			<string>PBXBuildFile</string>
		</dict>
		<key>7997E6F4161D40BC00A332BD</key>
		<dict>
			<key>fileEncoding</key>
			<string>4</string>
			<key>isa</key>
			<string>PBXFileReference</string>
			<key>lastKnownFileType</key>
			<string>sourcecode.c.h</string>
			<key>path</key>
			<string>GHBarInformationView.h</string>
			<key>sourceTree</key>
			<string>&lt;group&gt;</string>
		</dict>
		<key>7997E6F5161D40BC00A332BD</key>
		<dict>
			<key>fileEncoding</key>
			<string>4</string>
			<key>isa</key>
			<string>PBXFileReference</string>
			<key>lastKnownFileType</key>
			<string>sourcecode.c.objc</string>
			<key>path</key>
			<string>GHBarInformationView.m</string>
			<key>sourceTree</key>
			<string>&lt;group&gt;</string>
		</dict>
		<key>7997E6F6161D40BC00A332BD</key>
		<dict>
			<key>fileRef</key>
			<string>7997E6F5161D40BC00A332BD</string>
			<key>isa</key>
			<string>PBXBuildFile</string>
		</dict>
		<key>7997E6F7161D40DE00A332BD</key>
		<dict>
			<key>fileEncoding</key>
			<string>4</string>
			<key>isa</key>
			<string>PBXFileReference</string>
			<key>lastKnownFileType</key>
			<string>file.xib</string>
			<key>path</key>
			<string>GHBarInformationView.xib</string>
			<key>sourceTree</key>
			<string>&lt;group&gt;</string>
		</dict>
		<key>7997E6F8161D40DE00A332BD</key>
		<dict>
			<key>fileRef</key>
			<string>7997E6F7161D40DE00A332BD</string>
			<key>isa</key>
			<string>PBXBuildFile</string>
		</dict>
		<key>7997E6F9161D465C00A332BD</key>
		<dict>
			<key>fileEncoding</key>
			<string>4</string>
			<key>isa</key>
			<string>PBXFileReference</string>
			<key>lastKnownFileType</key>
			<string>sourcecode.c.h</string>
			<key>path</key>
			<string>GHNotifications.h</string>
			<key>sourceTree</key>
			<string>&lt;group&gt;</string>
		</dict>
		<key>7997E6FC161D494900A332BD</key>
		<dict>
			<key>fileEncoding</key>
			<string>4</string>
			<key>isa</key>
			<string>PBXFileReference</string>
			<key>lastKnownFileType</key>
			<string>sourcecode.c.objc</string>
			<key>path</key>
			<string>GHNotifications.m</string>
			<key>sourceTree</key>
			<string>&lt;group&gt;</string>
		</dict>
		<key>7997E6FD161D494900A332BD</key>
		<dict>
			<key>fileRef</key>
			<string>7997E6FC161D494900A332BD</string>
			<key>isa</key>
			<string>PBXBuildFile</string>
		</dict>
		<key>79A50A401618D1530083641D</key>
		<dict>
			<key>fileEncoding</key>
			<string>4</string>
			<key>isa</key>
			<string>PBXFileReference</string>
			<key>lastKnownFileType</key>
			<string>file.xib</string>
			<key>path</key>
			<string>GHDrinkupCell.xib</string>
			<key>sourceTree</key>
			<string>&lt;group&gt;</string>
		</dict>
		<key>79A50A411618D1530083641D</key>
		<dict>
			<key>fileRef</key>
			<string>79A50A401618D1530083641D</string>
			<key>isa</key>
			<string>PBXBuildFile</string>
		</dict>
		<key>79D064771618E51700C1AC97</key>
		<dict>
			<key>isa</key>
			<string>PBXFileReference</string>
			<key>lastKnownFileType</key>
			<string>image.png</string>
			<key>path</key>
			<string>Icon.png</string>
			<key>sourceTree</key>
			<string>SOURCE_ROOT</string>
		</dict>
		<key>79D064781618E51700C1AC97</key>
		<dict>
			<key>isa</key>
			<string>PBXFileReference</string>
			<key>lastKnownFileType</key>
			<string>image.png</string>
			<key>path</key>
			<string>Icon@2x.png</string>
			<key>sourceTree</key>
			<string>SOURCE_ROOT</string>
		</dict>
		<key>79D064791618E51700C1AC97</key>
		<dict>
			<key>fileRef</key>
			<string>79D064771618E51700C1AC97</string>
			<key>isa</key>
			<string>PBXBuildFile</string>
		</dict>
		<key>79D0647A1618E51700C1AC97</key>
		<dict>
			<key>fileRef</key>
			<string>79D064781618E51700C1AC97</string>
			<key>isa</key>
			<string>PBXBuildFile</string>
		</dict>
		<key>79D0647C1618E6EB00C1AC97</key>
		<dict>
			<key>isa</key>
			<string>PBXFileReference</string>
			<key>lastKnownFileType</key>
			<string>image.png</string>
			<key>path</key>
			<string>nav_shadow.png</string>
			<key>sourceTree</key>
			<string>&lt;group&gt;</string>
		</dict>
		<key>79D0647D1618E6EB00C1AC97</key>
		<dict>
			<key>isa</key>
			<string>PBXFileReference</string>
			<key>lastKnownFileType</key>
			<string>image.png</string>
			<key>path</key>
			<string>nav_shadow@2x.png</string>
			<key>sourceTree</key>
			<string>&lt;group&gt;</string>
		</dict>
		<key>79D0647E1618E6EB00C1AC97</key>
		<dict>
			<key>isa</key>
			<string>PBXFileReference</string>
			<key>lastKnownFileType</key>
			<string>image.png</string>
			<key>path</key>
			<string>nav.png</string>
			<key>sourceTree</key>
			<string>&lt;group&gt;</string>
		</dict>
		<key>79D0647F1618E6EB00C1AC97</key>
		<dict>
			<key>isa</key>
			<string>PBXFileReference</string>
			<key>lastKnownFileType</key>
			<string>image.png</string>
			<key>path</key>
			<string>nav@2x.png</string>
			<key>sourceTree</key>
			<string>&lt;group&gt;</string>
		</dict>
		<key>79D064801618E6EB00C1AC97</key>
		<dict>
			<key>fileRef</key>
			<string>79D0647C1618E6EB00C1AC97</string>
			<key>isa</key>
			<string>PBXBuildFile</string>
		</dict>
		<key>79D064811618E6EB00C1AC97</key>
		<dict>
			<key>fileRef</key>
			<string>79D0647D1618E6EB00C1AC97</string>
			<key>isa</key>
			<string>PBXBuildFile</string>
		</dict>
		<key>79D064821618E6EB00C1AC97</key>
		<dict>
			<key>fileRef</key>
			<string>79D0647E1618E6EB00C1AC97</string>
			<key>isa</key>
			<string>PBXBuildFile</string>
		</dict>
		<key>79D064831618E6EB00C1AC97</key>
		<dict>
			<key>fileRef</key>
			<string>79D0647F1618E6EB00C1AC97</string>
			<key>isa</key>
			<string>PBXBuildFile</string>
		</dict>
		<key>79D064841618F01500C1AC97</key>
		<dict>
			<key>isa</key>
			<string>PBXFileReference</string>
			<key>lastKnownFileType</key>
			<string>image.png</string>
			<key>path</key>
			<string>frame.png</string>
			<key>sourceTree</key>
			<string>&lt;group&gt;</string>
		</dict>
		<key>79D064851618F01500C1AC97</key>
		<dict>
			<key>isa</key>
			<string>PBXFileReference</string>
			<key>lastKnownFileType</key>
			<string>image.png</string>
			<key>path</key>
			<string>frame@2x.png</string>
			<key>sourceTree</key>
			<string>&lt;group&gt;</string>
		</dict>
		<key>79D064861618F01500C1AC97</key>
		<dict>
			<key>fileRef</key>
			<string>79D064841618F01500C1AC97</string>
			<key>isa</key>
			<string>PBXBuildFile</string>
		</dict>
		<key>79D064871618F01500C1AC97</key>
		<dict>
			<key>fileRef</key>
			<string>79D064851618F01500C1AC97</string>
			<key>isa</key>
			<string>PBXBuildFile</string>
		</dict>
		<key>79D0648A1618F2BD00C1AC97</key>
		<dict>
			<key>isa</key>
			<string>PBXFileReference</string>
			<key>lastKnownFileType</key>
			<string>image.png</string>
			<key>path</key>
			<string>beers.png</string>
			<key>sourceTree</key>
			<string>&lt;group&gt;</string>
		</dict>
		<key>79D0648B1618F2BD00C1AC97</key>
		<dict>
			<key>fileRef</key>
			<string>79D0648A1618F2BD00C1AC97</string>
			<key>isa</key>
			<string>PBXBuildFile</string>
		</dict>
		<key>79D0648C1618FF8D00C1AC97</key>
		<dict>
			<key>fileEncoding</key>
			<string>4</string>
			<key>isa</key>
			<string>PBXFileReference</string>
			<key>lastKnownFileType</key>
			<string>sourcecode.c.h</string>
			<key>path</key>
			<string>GHVenueViewController.h</string>
			<key>sourceTree</key>
			<string>&lt;group&gt;</string>
		</dict>
		<key>79D0648D1618FF8D00C1AC97</key>
		<dict>
			<key>fileEncoding</key>
			<string>4</string>
			<key>isa</key>
			<string>PBXFileReference</string>
			<key>lastKnownFileType</key>
			<string>sourcecode.c.objc</string>
			<key>path</key>
			<string>GHVenueViewController.m</string>
			<key>sourceTree</key>
			<string>&lt;group&gt;</string>
		</dict>
		<key>79D0648E1618FF8D00C1AC97</key>
		<dict>
			<key>fileRef</key>
			<string>79D0648D1618FF8D00C1AC97</string>
			<key>isa</key>
			<string>PBXBuildFile</string>
		</dict>
		<key>831778D2173440CB95094B14</key>
		<dict>
			<key>fileRef</key>
			<string>B5E701F0F209469F9307CA99</string>
			<key>isa</key>
			<string>PBXBuildFile</string>
			<key>settings</key>
			<dict/>
		</dict>
		<key>B5E701F0F209469F9307CA99</key>
		<dict>
			<key>explicitFileType</key>
			<string>archive.ar</string>
			<key>includeInIndex</key>
			<string>0</string>
			<key>isa</key>
			<string>PBXFileReference</string>
			<key>name</key>
			<string>libPods.a</string>
			<key>path</key>
			<string>libPods.a</string>
			<key>sourceTree</key>
			<string>BUILT_PRODUCTS_DIR</string>
		</dict>
		<key>C56E0518B87948EBBF2207D7</key>
		<dict>
			<key>buildActionMask</key>
			<string>2147483647</string>
			<key>files</key>
			<array/>
			<key>inputPaths</key>
			<array/>
			<key>isa</key>
			<string>PBXShellScriptBuildPhase</string>
			<key>name</key>
			<string>Copy Pods Resources</string>
			<key>outputPaths</key>
			<array/>
			<key>runOnlyForDeploymentPostprocessing</key>
			<string>0</string>
			<key>shellPath</key>
			<string>/bin/sh</string>
			<key>shellScript</key>
			<string>"${SRCROOT}/Pods/Pods-resources.sh"
</string>
		</dict>
	</dict>
	<key>rootObject</key>
	<string>792A028F1607A90C00129016</string>
</dict>
</plist>
